
Microsoft Visual Studio Solution File, Format Version 12.00
# Visual Studio 15
VisualStudioVersion = 15.0.26430.6
MinimumVisualStudioVersion = 10.0.40219.1
Project("{E24C65DC-7377-472B-9ABA-BC803B73C61A}") = "VigoCentral_PHP", ".", "{2C0AADAB-0FE5-4B9A-BC9A-2D2A571B6B39}"
	ProjectSection(WebsiteProperties) = preProject
		TargetFrameworkMoniker = ".NETFramework,Version%3Dv4.0"
		Debug.AspNetCompiler.VirtualPath = "/localhost_55154"
		Debug.AspNetCompiler.PhysicalPath = "..\VigoCentral_PHP\"
		Debug.AspNetCompiler.TargetPath = "PrecompiledWeb\localhost_55154\"
		Debug.AspNetCompiler.Updateable = "true"
		Debug.AspNetCompiler.ForceOverwrite = "true"
		Debug.AspNetCompiler.FixedNames = "false"
		Debug.AspNetCompiler.Debug = "True"
		Release.AspNetCompiler.VirtualPath = "/localhost_55154"
		Release.AspNetCompiler.PhysicalPath = "..\VigoCentral_PHP\"
		Release.AspNetCompiler.TargetPath = "PrecompiledWeb\localhost_55154\"
		Release.AspNetCompiler.Updateable = "true"
		Release.AspNetCompiler.ForceOverwrite = "true"
		Release.AspNetCompiler.FixedNames = "false"
		Release.AspNetCompiler.Debug = "False"
		VWDPort = "55154"
		SlnRelativePath = "..\VigoCentral_PHP\"
	EndProjectSection
EndProject
Global
	GlobalSection(SolutionConfigurationPlatforms) = preSolution
		Debug|Any CPU = Debug|Any CPU
	EndGlobalSection
	GlobalSection(ProjectConfigurationPlatforms) = postSolution
		{2C0AADAB-0FE5-4B9A-BC9A-2D2A571B6B39}.Debug|Any CPU.ActiveCfg = Debug|Any CPU
		{2C0AADAB-0FE5-4B9A-BC9A-2D2A571B6B39}.Debug|Any CPU.Build.0 = Debug|Any CPU
	EndGlobalSection
	GlobalSection(SolutionProperties) = preSolution
		HideSolutionNode = FALSE
	EndGlobalSection
EndGlobal
